// !$*UTF8*$!
{
	archiveVersion = 1;
	classes = {
	};
	objectVersion = 50;
	objects = {

/* Begin PBXBuildFile section */
		9DC26BAA26B591F400BF9038 /* AppDelegate.swift in Sources */ = {isa = PBXBuildFile; fileRef = 9DC26BA926B591F400BF9038 /* AppDelegate.swift */; };
		9DC26BB326B591F800BF9038 /* Assets.xcassets in Resources */ = {isa = PBXBuildFile; fileRef = 9DC26BB226B591F800BF9038 /* Assets.xcassets */; };
		9DC26BB626B591F800BF9038 /* LaunchScreen.storyboard in Resources */ = {isa = PBXBuildFile; fileRef = 9DC26BB426B591F800BF9038 /* LaunchScreen.storyboard */; };
		9DC26BC026B5966E00BF9038 /* ServiceLocator.swift in Sources */ = {isa = PBXBuildFile; fileRef = 9DC26BBF26B5966E00BF9038 /* ServiceLocator.swift */; };
		9DC26BC226B596C400BF9038 /* AppCordinator.swift in Sources */ = {isa = PBXBuildFile; fileRef = 9DC26BC126B596C400BF9038 /* AppCordinator.swift */; };
		9DC26BC426B5981F00BF9038 /* AppInteractor.swift in Sources */ = {isa = PBXBuildFile; fileRef = 9DC26BC326B5981F00BF9038 /* AppInteractor.swift */; };
/* End PBXBuildFile section */

/* Begin PBXFileReference section */
		9DC26BA626B591F400BF9038 /* CoffeeNFC.app */ = {isa = PBXFileReference; explicitFileType = wrapper.application; includeInIndex = 0; path = CoffeeNFC.app; sourceTree = BUILT_PRODUCTS_DIR; };
		9DC26BA926B591F400BF9038 /* AppDelegate.swift */ = {isa = PBXFileReference; lastKnownFileType = sourcecode.swift; path = AppDelegate.swift; sourceTree = "<group>"; };
		9DC26BB226B591F800BF9038 /* Assets.xcassets */ = {isa = PBXFileReference; lastKnownFileType = folder.assetcatalog; path = Assets.xcassets; sourceTree = "<group>"; };
		9DC26BB526B591F800BF9038 /* Base */ = {isa = PBXFileReference; lastKnownFileType = file.storyboard; name = Base; path = Base.lproj/LaunchScreen.storyboard; sourceTree = "<group>"; };
		9DC26BB726B591F800BF9038 /* Info.plist */ = {isa = PBXFileReference; lastKnownFileType = text.plist.xml; path = Info.plist; sourceTree = "<group>"; };
		9DC26BBF26B5966E00BF9038 /* ServiceLocator.swift */ = {isa = PBXFileReference; lastKnownFileType = sourcecode.swift; path = ServiceLocator.swift; sourceTree = "<group>"; };
		9DC26BC126B596C400BF9038 /* AppCordinator.swift */ = {isa = PBXFileReference; lastKnownFileType = sourcecode.swift; path = AppCordinator.swift; sourceTree = "<group>"; };
		9DC26BC326B5981F00BF9038 /* AppInteractor.swift */ = {isa = PBXFileReference; lastKnownFileType = sourcecode.swift; path = AppInteractor.swift; sourceTree = "<group>"; };
/* End PBXFileReference section */

/* Begin PBXFrameworksBuildPhase section */
		9DC26BA326B591F400BF9038 /* Frameworks */ = {
			isa = PBXFrameworksBuildPhase;
			buildActionMask = 2147483647;
			files = (
			);
			runOnlyForDeploymentPostprocessing = 0;
		};
/* End PBXFrameworksBuildPhase section */

/* Begin PBXGroup section */
		9DC26B9D26B591F400BF9038 = {
			isa = PBXGroup;
			children = (
				9DC26BA826B591F400BF9038 /* CoffeeNFC */,
				9DC26BA726B591F400BF9038 /* Products */,
			);
			sourceTree = "<group>";
		};
		9DC26BA726B591F400BF9038 /* Products */ = {
			isa = PBXGroup;
			children = (
				9DC26BA626B591F400BF9038 /* CoffeeNFC.app */,
			);
			name = Products;
			sourceTree = "<group>";
		};
		9DC26BA826B591F400BF9038 /* CoffeeNFC */ = {
			isa = PBXGroup;
			children = (
				9DC26BBE26B5962700BF9038 /* Services */,
				9DC26BBD26B5961C00BF9038 /* Managers */,
				9DC26BA926B591F400BF9038 /* AppDelegate.swift */,
				9DC26BC326B5981F00BF9038 /* AppInteractor.swift */,
				9DC26BC126B596C400BF9038 /* AppCordinator.swift */,
				9DC26BB226B591F800BF9038 /* Assets.xcassets */,
				9DC26BB426B591F800BF9038 /* LaunchScreen.storyboard */,
				9DC26BB726B591F800BF9038 /* Info.plist */,
			);
			path = CoffeeNFC;
			sourceTree = "<group>";
		};
		9DC26BBD26B5961C00BF9038 /* Managers */ = {
			isa = PBXGroup;
			children = (
			);
			path = Managers;
			sourceTree = "<group>";
		};
		9DC26BBE26B5962700BF9038 /* Services */ = {
			isa = PBXGroup;
			children = (
				9DC26BBF26B5966E00BF9038 /* ServiceLocator.swift */,
			);
			path = Services;
			sourceTree = "<group>";
		};
/* End PBXGroup section */

/* Begin PBXNativeTarget section */
		9DC26BA526B591F400BF9038 /* CoffeeNFC */ = {
			isa = PBXNativeTarget;
			buildConfigurationList = 9DC26BBA26B591F800BF9038 /* Build configuration list for PBXNativeTarget "CoffeeNFC" */;
			buildPhases = (
				9DC26BA226B591F400BF9038 /* Sources */,
				9DC26BA326B591F400BF9038 /* Frameworks */,
				9DC26BA426B591F400BF9038 /* Resources */,
			);
			buildRules = (
			);
			dependencies = (
			);
			name = CoffeeNFC;
			productName = CoffeeNFC;
			productReference = 9DC26BA626B591F400BF9038 /* CoffeeNFC.app */;
			productType = "com.apple.product-type.application";
		};
/* End PBXNativeTarget section */

/* Begin PBXProject section */
		9DC26B9E26B591F400BF9038 /* Project object */ = {
			isa = PBXProject;
			attributes = {
				LastSwiftUpdateCheck = 1250;
				LastUpgradeCheck = 1250;
				TargetAttributes = {
					9DC26BA526B591F400BF9038 = {
						CreatedOnToolsVersion = 12.5;
					};
				};
			};
			buildConfigurationList = 9DC26BA126B591F400BF9038 /* Build configuration list for PBXProject "CoffeeNFC" */;
			compatibilityVersion = "Xcode 9.3";
			developmentRegion = en;
			hasScannedForEncodings = 0;
			knownRegions = (
				en,
				Base,
			);
			mainGroup = 9DC26B9D26B591F400BF9038;
			productRefGroup = 9DC26BA726B591F400BF9038 /* Products */;
			projectDirPath = "";
			projectRoot = "";
			targets = (
				9DC26BA526B591F400BF9038 /* CoffeeNFC */,
			);
		};
/* End PBXProject section */

/* Begin PBXResourcesBuildPhase section */
		9DC26BA426B591F400BF9038 /* Resources */ = {
			isa = PBXResourcesBuildPhase;
			buildActionMask = 2147483647;
			files = (
				9DC26BB626B591F800BF9038 /* LaunchScreen.storyboard in Resources */,
				9DC26BB326B591F800BF9038 /* Assets.xcassets in Resources */,
			);
			runOnlyForDeploymentPostprocessing = 0;
		};
/* End PBXResourcesBuildPhase section */

/* Begin PBXSourcesBuildPhase section */
		9DC26BA226B591F400BF9038 /* Sources */ = {
			isa = PBXSourcesBuildPhase;
			buildActionMask = 2147483647;
			files = (
				9DC26BC226B596C400BF9038 /* AppCordinator.swift in Sources */,
				9DC26BC026B5966E00BF9038 /* ServiceLocator.swift in Sources */,
				9DC26BC426B5981F00BF9038 /* AppInteractor.swift in Sources */,
				9DC26BAA26B591F400BF9038 /* AppDelegate.swift in Sources */,
			);
			runOnlyForDeploymentPostprocessing = 0;
		};
/* End PBXSourcesBuildPhase section */

/* Begin PBXVariantGroup section */
		9DC26BB426B591F800BF9038 /* LaunchScreen.storyboard */ = {
			isa = PBXVariantGroup;
			children = (
				9DC26BB526B591F800BF9038 /* Base */,
			);
			name = LaunchScreen.storyboard;
			sourceTree = "<group>";
		};
/* End PBXVariantGroup section */

/* Begin XCBuildConfiguration section */
		9DC26BB826B591F800BF9038 /* Debug */ = {
			isa = XCBuildConfiguration;
			buildSettings = {
				ALWAYS_SEARCH_USER_PATHS = NO;
				CLANG_ANALYZER_NONNULL = YES;
				CLANG_ANALYZER_NUMBER_OBJECT_CONVERSION = YES_AGGRESSIVE;
				CLANG_CXX_LANGUAGE_STANDARD = "gnu++14";
				CLANG_CXX_LIBRARY = "libc++";
				CLANG_ENABLE_MODULES = YES;
				CLANG_ENABLE_OBJC_ARC = YES;
				CLANG_ENABLE_OBJC_WEAK = YES;
				CLANG_WARN_BLOCK_CAPTURE_AUTORELEASING = YES;
				CLANG_WARN_BOOL_CONVERSION = YES;
				CLANG_WARN_COMMA = YES;
				CLANG_WARN_CONSTANT_CONVERSION = YES;
				CLANG_WARN_DEPRECATED_OBJC_IMPLEMENTATIONS = YES;
				CLANG_WARN_DIRECT_OBJC_ISA_USAGE = YES_ERROR;
				CLANG_WARN_DOCUMENTATION_COMMENTS = YES;
				CLANG_WARN_EMPTY_BODY = YES;
				CLANG_WARN_ENUM_CONVERSION = YES;
				CLANG_WARN_INFINITE_RECURSION = YES;
				CLANG_WARN_INT_CONVERSION = YES;
				CLANG_WARN_NON_LITERAL_NULL_CONVERSION = YES;
				CLANG_WARN_OBJC_IMPLICIT_RETAIN_SELF = YES;
				CLANG_WARN_OBJC_LITERAL_CONVERSION = YES;
				CLANG_WARN_OBJC_ROOT_CLASS = YES_ERROR;
				CLANG_WARN_QUOTED_INCLUDE_IN_FRAMEWORK_HEADER = YES;
				CLANG_WARN_RANGE_LOOP_ANALYSIS = YES;
				CLANG_WARN_STRICT_PROTOTYPES = YES;
				CLANG_WARN_SUSPICIOUS_MOVE = YES;
				CLANG_WARN_UNGUARDED_AVAILABILITY = YES_AGGRESSIVE;
				CLANG_WARN_UNREACHABLE_CODE = YES;
				CLANG_WARN__DUPLICATE_METHOD_MATCH = YES;
				COPY_PHASE_STRIP = NO;
				DEBUG_INFORMATION_FORMAT = dwarf;
				ENABLE_STRICT_OBJC_MSGSEND = YES;
				ENABLE_TESTABILITY = YES;
				GCC_C_LANGUAGE_STANDARD = gnu11;
				GCC_DYNAMIC_NO_PIC = NO;
				GCC_NO_COMMON_BLOCKS = YES;
				GCC_OPTIMIZATION_LEVEL = 0;
				GCC_PREPROCESSOR_DEFINITIONS = (
					"DEBUG=1",
					"$(inherited)",
				);
				GCC_WARN_64_TO_32_BIT_CONVERSION = YES;
				GCC_WARN_ABOUT_RETURN_TYPE = YES_ERROR;
				GCC_WARN_UNDECLARED_SELECTOR = YES;
				GCC_WARN_UNINITIALIZED_AUTOS = YES_AGGRESSIVE;
				GCC_WARN_UNUSED_FUNCTION = YES;
				GCC_WARN_UNUSED_VARIABLE = YES;
				IPHONEOS_DEPLOYMENT_TARGET = 14.5;
				MTL_ENABLE_DEBUG_INFO = INCLUDE_SOURCE;
				MTL_FAST_MATH = YES;
				ONLY_ACTIVE_ARCH = YES;
				SDKROOT = iphoneos;
				SWIFT_ACTIVE_COMPILATION_CONDITIONS = DEBUG;
				SWIFT_OPTIMIZATION_LEVEL = "-Onone";
			};
			name = Debug;
		};
		9DC26BB926B591F800BF9038 /* Release */ = {
			isa = XCBuildConfiguration;
			buildSettings = {
				ALWAYS_SEARCH_USER_PATHS = NO;
				CLANG_ANALYZER_NONNULL = YES;
				CLANG_ANALYZER_NUMBER_OBJECT_CONVERSION = YES_AGGRESSIVE;
				CLANG_CXX_LANGUAGE_STANDARD = "gnu++14";
				CLANG_CXX_LIBRARY = "libc++";
				CLANG_ENABLE_MODULES = YES;
				CLANG_ENABLE_OBJC_ARC = YES;
				CLANG_ENABLE_OBJC_WEAK = YES;
				CLANG_WARN_BLOCK_CAPTURE_AUTORELEASING = YES;
				CLANG_WARN_BOOL_CONVERSION = YES;
				CLANG_WARN_COMMA = YES;
				CLANG_WARN_CONSTANT_CONVERSION = YES;
				CLANG_WARN_DEPRECATED_OBJC_IMPLEMENTATIONS = YES;
				CLANG_WARN_DIRECT_OBJC_ISA_USAGE = YES_ERROR;
				CLANG_WARN_DOCUMENTATION_COMMENTS = YES;
				CLANG_WARN_EMPTY_BODY = YES;
				CLANG_WARN_ENUM_CONVERSION = YES;
				CLANG_WARN_INFINITE_RECURSION = YES;
				CLANG_WARN_INT_CONVERSION = YES;
				CLANG_WARN_NON_LITERAL_NULL_CONVERSION = YES;
				CLANG_WARN_OBJC_IMPLICIT_RETAIN_SELF = YES;
				CLANG_WARN_OBJC_LITERAL_CONVERSION = YES;
				CLANG_WARN_OBJC_ROOT_CLASS = YES_ERROR;
				CLANG_WARN_QUOTED_INCLUDE_IN_FRAMEWORK_HEADER = YES;
				CLANG_WARN_RANGE_LOOP_ANALYSIS = YES;
				CLANG_WARN_STRICT_PROTOTYPES = YES;
				CLANG_WARN_SUSPICIOUS_MOVE = YES;
				CLANG_WARN_UNGUARDED_AVAILABILITY = YES_AGGRESSIVE;
				CLANG_WARN_UNREACHABLE_CODE = YES;
				CLANG_WARN__DUPLICATE_METHOD_MATCH = YES;
				COPY_PHASE_STRIP = NO;
				DEBUG_INFORMATION_FORMAT = "dwarf-with-dsym";
				ENABLE_NS_ASSERTIONS = NO;
				ENABLE_STRICT_OBJC_MSGSEND = YES;
				GCC_C_LANGUAGE_STANDARD = gnu11;
				GCC_NO_COMMON_BLOCKS = YES;
				GCC_WARN_64_TO_32_BIT_CONVERSION = YES;
				GCC_WARN_ABOUT_RETURN_TYPE = YES_ERROR;
				GCC_WARN_UNDECLARED_SELECTOR = YES;
				GCC_WARN_UNINITIALIZED_AUTOS = YES_AGGRESSIVE;
				GCC_WARN_UNUSED_FUNCTION = YES;
				GCC_WARN_UNUSED_VARIABLE = YES;
				IPHONEOS_DEPLOYMENT_TARGET = 14.5;
				MTL_ENABLE_DEBUG_INFO = NO;
				MTL_FAST_MATH = YES;
				SDKROOT = iphoneos;
				SWIFT_COMPILATION_MODE = wholemodule;
				SWIFT_OPTIMIZATION_LEVEL = "-O";
				VALIDATE_PRODUCT = YES;
			};
			name = Release;
		};
		9DC26BBB26B591F800BF9038 /* Debug */ = {
			isa = XCBuildConfiguration;
			buildSettings = {
				ASSETCATALOG_COMPILER_APPICON_NAME = AppIcon;
				ASSETCATALOG_COMPILER_GLOBAL_ACCENT_COLOR_NAME = AccentColor;
				CODE_SIGN_STYLE = Automatic;
				DEVELOPMENT_TEAM = YA7JSM4L93;
				INFOPLIST_FILE = CoffeeNFC/Info.plist;
				LD_RUNPATH_SEARCH_PATHS = (
					"$(inherited)",
					"@executable_path/Frameworks",
				);
				PRODUCT_BUNDLE_IDENTIFIER = viper.CoffeeNFC;
				PRODUCT_NAME = "$(TARGET_NAME)";
				SWIFT_VERSION = 5.0;
				TARGETED_DEVICE_FAMILY = "1,2";
			};
			name = Debug;
		};
		9DC26BBC26B591F800BF9038 /* Release */ = {
			isa = XCBuildConfiguration;
			buildSettings = {
				ASSETCATALOG_COMPILER_APPICON_NAME = AppIcon;
				ASSETCATALOG_COMPILER_GLOBAL_ACCENT_COLOR_NAME = AccentColor;
				CODE_SIGN_STYLE = Automatic;
				DEVELOPMENT_TEAM = YA7JSM4L93;
				INFOPLIST_FILE = CoffeeNFC/Info.plist;
				LD_RUNPATH_SEARCH_PATHS = (
					"$(inherited)",
					"@executable_path/Frameworks",
				);
				PRODUCT_BUNDLE_IDENTIFIER = viper.CoffeeNFC;
				PRODUCT_NAME = "$(TARGET_NAME)";
				SWIFT_VERSION = 5.0;
				TARGETED_DEVICE_FAMILY = "1,2";
			};
			name = Release;
		};
/* End XCBuildConfiguration section */

/* Begin XCConfigurationList section */
		9DC26BA126B591F400BF9038 /* Build configuration list for PBXProject "CoffeeNFC" */ = {
			isa = XCConfigurationList;
			buildConfigurations = (
				9DC26BB826B591F800BF9038 /* Debug */,
				9DC26BB926B591F800BF9038 /* Release */,
			);
			defaultConfigurationIsVisible = 0;
			defaultConfigurationName = Release;
		};
		9DC26BBA26B591F800BF9038 /* Build configuration list for PBXNativeTarget "CoffeeNFC" */ = {
			isa = XCConfigurationList;
			buildConfigurations = (
				9DC26BBB26B591F800BF9038 /* Debug */,
				9DC26BBC26B591F800BF9038 /* Release */,
			);
			defaultConfigurationIsVisible = 0;
			defaultConfigurationName = Release;
		};
/* End XCConfigurationList section */
	};
	rootObject = 9DC26B9E26B591F400BF9038 /* Project object */;
}
