// !$*UTF8*$!
{
	archiveVersion = 1;
	classes = {
	};
	objectVersion = 52;
	objects = {

/* Begin PBXBuildFile section */
		9DC26BAA26B591F400BF9038 /* AppDelegate.swift in Sources */ = {isa = PBXBuildFile; fileRef = 9DC26BA926B591F400BF9038 /* AppDelegate.swift */; };
		9DC26BB326B591F800BF9038 /* Assets.xcassets in Resources */ = {isa = PBXBuildFile; fileRef = 9DC26BB226B591F800BF9038 /* Assets.xcassets */; };
		9DC26BC026B5966E00BF9038 /* ServiceLocator.swift in Sources */ = {isa = PBXBuildFile; fileRef = 9DC26BBF26B5966E00BF9038 /* ServiceLocator.swift */; };
		9DC26BC226B596C400BF9038 /* AppCordinator.swift in Sources */ = {isa = PBXBuildFile; fileRef = 9DC26BC126B596C400BF9038 /* AppCordinator.swift */; };
		9DC26BC426B5981F00BF9038 /* AppInteractor.swift in Sources */ = {isa = PBXBuildFile; fileRef = 9DC26BC326B5981F00BF9038 /* AppInteractor.swift */; };
		9DC26BC726B59F5400BF9038 /* SesionManager.swift in Sources */ = {isa = PBXBuildFile; fileRef = 9DC26BC626B59F5400BF9038 /* SesionManager.swift */; };
		9DC26BC926B59F6700BF9038 /* CoffeeEndPoints.swift in Sources */ = {isa = PBXBuildFile; fileRef = 9DC26BC826B59F6700BF9038 /* CoffeeEndPoints.swift */; };
		9DC26BCB26B59FA900BF9038 /* CoffeeNetworkService.swift in Sources */ = {isa = PBXBuildFile; fileRef = 9DC26BCA26B59FA900BF9038 /* CoffeeNetworkService.swift */; };
		9DC26BCE26B5DDB700BF9038 /* Alamofire in Frameworks */ = {isa = PBXBuildFile; productRef = 9DC26BCD26B5DDB700BF9038 /* Alamofire */; };
		9DC26BD126B5E6C700BF9038 /* CError.swift in Sources */ = {isa = PBXBuildFile; fileRef = 9DC26BD026B5E6C700BF9038 /* CError.swift */; };
		9DC26BD426B5E8E600BF9038 /* RxSwift in Frameworks */ = {isa = PBXBuildFile; productRef = 9DC26BD326B5E8E600BF9038 /* RxSwift */; };
		9DC26BD826B5E8E600BF9038 /* RxRelay in Frameworks */ = {isa = PBXBuildFile; productRef = 9DC26BD726B5E8E600BF9038 /* RxRelay */; };
		9DC26BDA26B5E8E600BF9038 /* RxCocoa in Frameworks */ = {isa = PBXBuildFile; productRef = 9DC26BD926B5E8E600BF9038 /* RxCocoa */; };
		9DC26BDC26B5E8E600BF9038 /* RxBlocking in Frameworks */ = {isa = PBXBuildFile; productRef = 9DC26BDB26B5E8E600BF9038 /* RxBlocking */; };
		9DC26BDF26B5EC4100BF9038 /* CofeeMachine.swift in Sources */ = {isa = PBXBuildFile; fileRef = 9DC26BDE26B5EC4100BF9038 /* CofeeMachine.swift */; };
		9DC26BE226B5F25F00BF9038 /* Decode.swift in Sources */ = {isa = PBXBuildFile; fileRef = 9DC26BE126B5F25F00BF9038 /* Decode.swift */; };
		9DC26BE526B6A2C000BF9038 /* CoffeeMainScreenView.swift in Sources */ = {isa = PBXBuildFile; fileRef = 9DC26BE426B6A2C000BF9038 /* CoffeeMainScreenView.swift */; };
		9DC26BE726B6A2D500BF9038 /* CoffeeViewModel.swift in Sources */ = {isa = PBXBuildFile; fileRef = 9DC26BE626B6A2D500BF9038 /* CoffeeViewModel.swift */; };
		9DC26BE926B6A2F200BF9038 /* CoffeeMainScreenPresenter.swift in Sources */ = {isa = PBXBuildFile; fileRef = 9DC26BE826B6A2F200BF9038 /* CoffeeMainScreenPresenter.swift */; };
		9DC26BEB26B6A34600BF9038 /* CoffeeTableManager.swift in Sources */ = {isa = PBXBuildFile; fileRef = 9DC26BEA26B6A34600BF9038 /* CoffeeTableManager.swift */; };
		9DC26BED26B6A36500BF9038 /* CoffeeTableViewCell.swift in Sources */ = {isa = PBXBuildFile; fileRef = 9DC26BEC26B6A36500BF9038 /* CoffeeTableViewCell.swift */; };
		9DC26BF126B6A3CC00BF9038 /* CoffeeNFSModel.swift in Sources */ = {isa = PBXBuildFile; fileRef = 9DC26BF026B6A3CC00BF9038 /* CoffeeNFSModel.swift */; };
		9DC26BF426B6A7C600BF9038 /* BaseViewController.swift in Sources */ = {isa = PBXBuildFile; fileRef = 9DC26BF326B6A7C600BF9038 /* BaseViewController.swift */; };
		9DC26BF626B6B51500BF9038 /* CoffeeMainScreenConfigurator.swift in Sources */ = {isa = PBXBuildFile; fileRef = 9DC26BF526B6B51500BF9038 /* CoffeeMainScreenConfigurator.swift */; };
		9DC26BFC26B7336600BF9038 /* SnapKit in Frameworks */ = {isa = PBXBuildFile; productRef = 9DC26BFB26B7336600BF9038 /* SnapKit */; };
		9DC26BFE26B7494400BF9038 /* UIColor.swift in Sources */ = {isa = PBXBuildFile; fileRef = 9DC26BFD26B7494300BF9038 /* UIColor.swift */; };
		9DC26C0426B7C29700BF9038 /* SizeModel.swift in Sources */ = {isa = PBXBuildFile; fileRef = 9DC26C0026B7C29600BF9038 /* SizeModel.swift */; };
		9DC26C0526B7C29700BF9038 /* SizeScreenConfigurator.swift in Sources */ = {isa = PBXBuildFile; fileRef = 9DC26C0126B7C29600BF9038 /* SizeScreenConfigurator.swift */; };
		9DC26C0626B7C29700BF9038 /* SizeScreenPresenter.swift in Sources */ = {isa = PBXBuildFile; fileRef = 9DC26C0226B7C29600BF9038 /* SizeScreenPresenter.swift */; };
		9DC26C0726B7C29700BF9038 /* SizeScreenView.swift in Sources */ = {isa = PBXBuildFile; fileRef = 9DC26C0326B7C29600BF9038 /* SizeScreenView.swift */; };
		9DC26C1626B808ED00BF9038 /* ExtraScreenConfigurator.swift in Sources */ = {isa = PBXBuildFile; fileRef = 9DC26C1226B808ED00BF9038 /* ExtraScreenConfigurator.swift */; };
		9DC26C1726B808ED00BF9038 /* ExtraModel.swift in Sources */ = {isa = PBXBuildFile; fileRef = 9DC26C1326B808ED00BF9038 /* ExtraModel.swift */; };
		9DC26C1826B808ED00BF9038 /* ExtraScreenView.swift in Sources */ = {isa = PBXBuildFile; fileRef = 9DC26C1426B808ED00BF9038 /* ExtraScreenView.swift */; };
		9DC26C1926B808ED00BF9038 /* ExtraScreenPresenter.swift in Sources */ = {isa = PBXBuildFile; fileRef = 9DC26C1526B808ED00BF9038 /* ExtraScreenPresenter.swift */; };
		9DC26C2226B8503E00BF9038 /* BaseCheckView.swift in Sources */ = {isa = PBXBuildFile; fileRef = 9DC26C2126B8503E00BF9038 /* BaseCheckView.swift */; };
		9DC26C2426B8555700BF9038 /* CoffeeExtraTableViewCell.swift in Sources */ = {isa = PBXBuildFile; fileRef = 9DC26C2326B8555700BF9038 /* CoffeeExtraTableViewCell.swift */; };
		9DC26C2626B8880700BF9038 /* Launch Screen.storyboard in Resources */ = {isa = PBXBuildFile; fileRef = 9DC26C2526B8880600BF9038 /* Launch Screen.storyboard */; };
/* End PBXBuildFile section */

/* Begin PBXFileReference section */
		9DC26BA626B591F400BF9038 /* CoffeeNFC.app */ = {isa = PBXFileReference; explicitFileType = wrapper.application; includeInIndex = 0; path = CoffeeNFC.app; sourceTree = BUILT_PRODUCTS_DIR; };
		9DC26BA926B591F400BF9038 /* AppDelegate.swift */ = {isa = PBXFileReference; lastKnownFileType = sourcecode.swift; path = AppDelegate.swift; sourceTree = "<group>"; };
		9DC26BB226B591F800BF9038 /* Assets.xcassets */ = {isa = PBXFileReference; lastKnownFileType = folder.assetcatalog; path = Assets.xcassets; sourceTree = "<group>"; };
		9DC26BB726B591F800BF9038 /* Info.plist */ = {isa = PBXFileReference; lastKnownFileType = text.plist.xml; path = Info.plist; sourceTree = "<group>"; };
		9DC26BBF26B5966E00BF9038 /* ServiceLocator.swift */ = {isa = PBXFileReference; lastKnownFileType = sourcecode.swift; path = ServiceLocator.swift; sourceTree = "<group>"; };
		9DC26BC126B596C400BF9038 /* AppCordinator.swift */ = {isa = PBXFileReference; lastKnownFileType = sourcecode.swift; path = AppCordinator.swift; sourceTree = "<group>"; };
		9DC26BC326B5981F00BF9038 /* AppInteractor.swift */ = {isa = PBXFileReference; lastKnownFileType = sourcecode.swift; path = AppInteractor.swift; sourceTree = "<group>"; };
		9DC26BC626B59F5400BF9038 /* SesionManager.swift */ = {isa = PBXFileReference; lastKnownFileType = sourcecode.swift; path = SesionManager.swift; sourceTree = "<group>"; };
		9DC26BC826B59F6700BF9038 /* CoffeeEndPoints.swift */ = {isa = PBXFileReference; lastKnownFileType = sourcecode.swift; path = CoffeeEndPoints.swift; sourceTree = "<group>"; };
		9DC26BCA26B59FA900BF9038 /* CoffeeNetworkService.swift */ = {isa = PBXFileReference; lastKnownFileType = sourcecode.swift; path = CoffeeNetworkService.swift; sourceTree = "<group>"; };
		9DC26BD026B5E6C700BF9038 /* CError.swift */ = {isa = PBXFileReference; lastKnownFileType = sourcecode.swift; path = CError.swift; sourceTree = "<group>"; };
		9DC26BDE26B5EC4100BF9038 /* CofeeMachine.swift */ = {isa = PBXFileReference; lastKnownFileType = sourcecode.swift; path = CofeeMachine.swift; sourceTree = "<group>"; };
		9DC26BE126B5F25F00BF9038 /* Decode.swift */ = {isa = PBXFileReference; lastKnownFileType = sourcecode.swift; path = Decode.swift; sourceTree = "<group>"; };
		9DC26BE426B6A2C000BF9038 /* CoffeeMainScreenView.swift */ = {isa = PBXFileReference; lastKnownFileType = sourcecode.swift; path = CoffeeMainScreenView.swift; sourceTree = "<group>"; };
		9DC26BE626B6A2D500BF9038 /* CoffeeViewModel.swift */ = {isa = PBXFileReference; lastKnownFileType = sourcecode.swift; path = CoffeeViewModel.swift; sourceTree = "<group>"; };
		9DC26BE826B6A2F200BF9038 /* CoffeeMainScreenPresenter.swift */ = {isa = PBXFileReference; lastKnownFileType = sourcecode.swift; path = CoffeeMainScreenPresenter.swift; sourceTree = "<group>"; };
		9DC26BEA26B6A34600BF9038 /* CoffeeTableManager.swift */ = {isa = PBXFileReference; lastKnownFileType = sourcecode.swift; path = CoffeeTableManager.swift; sourceTree = "<group>"; };
		9DC26BEC26B6A36500BF9038 /* CoffeeTableViewCell.swift */ = {isa = PBXFileReference; lastKnownFileType = sourcecode.swift; path = CoffeeTableViewCell.swift; sourceTree = "<group>"; };
		9DC26BF026B6A3CC00BF9038 /* CoffeeNFSModel.swift */ = {isa = PBXFileReference; lastKnownFileType = sourcecode.swift; path = CoffeeNFSModel.swift; sourceTree = "<group>"; };
		9DC26BF326B6A7C600BF9038 /* BaseViewController.swift */ = {isa = PBXFileReference; lastKnownFileType = sourcecode.swift; path = BaseViewController.swift; sourceTree = "<group>"; };
		9DC26BF526B6B51500BF9038 /* CoffeeMainScreenConfigurator.swift */ = {isa = PBXFileReference; lastKnownFileType = sourcecode.swift; path = CoffeeMainScreenConfigurator.swift; sourceTree = "<group>"; };
		9DC26BFD26B7494300BF9038 /* UIColor.swift */ = {isa = PBXFileReference; lastKnownFileType = sourcecode.swift; path = UIColor.swift; sourceTree = "<group>"; };
		9DC26C0026B7C29600BF9038 /* SizeModel.swift */ = {isa = PBXFileReference; fileEncoding = 4; lastKnownFileType = sourcecode.swift; path = SizeModel.swift; sourceTree = "<group>"; };
		9DC26C0126B7C29600BF9038 /* SizeScreenConfigurator.swift */ = {isa = PBXFileReference; fileEncoding = 4; lastKnownFileType = sourcecode.swift; path = SizeScreenConfigurator.swift; sourceTree = "<group>"; };
		9DC26C0226B7C29600BF9038 /* SizeScreenPresenter.swift */ = {isa = PBXFileReference; fileEncoding = 4; lastKnownFileType = sourcecode.swift; path = SizeScreenPresenter.swift; sourceTree = "<group>"; };
		9DC26C0326B7C29600BF9038 /* SizeScreenView.swift */ = {isa = PBXFileReference; fileEncoding = 4; lastKnownFileType = sourcecode.swift; path = SizeScreenView.swift; sourceTree = "<group>"; };
		9DC26C1226B808ED00BF9038 /* ExtraScreenConfigurator.swift */ = {isa = PBXFileReference; fileEncoding = 4; lastKnownFileType = sourcecode.swift; path = ExtraScreenConfigurator.swift; sourceTree = "<group>"; };
		9DC26C1326B808ED00BF9038 /* ExtraModel.swift */ = {isa = PBXFileReference; fileEncoding = 4; lastKnownFileType = sourcecode.swift; path = ExtraModel.swift; sourceTree = "<group>"; };
		9DC26C1426B808ED00BF9038 /* ExtraScreenView.swift */ = {isa = PBXFileReference; fileEncoding = 4; lastKnownFileType = sourcecode.swift; path = ExtraScreenView.swift; sourceTree = "<group>"; };
		9DC26C1526B808ED00BF9038 /* ExtraScreenPresenter.swift */ = {isa = PBXFileReference; fileEncoding = 4; lastKnownFileType = sourcecode.swift; path = ExtraScreenPresenter.swift; sourceTree = "<group>"; };
		9DC26C2126B8503E00BF9038 /* BaseCheckView.swift */ = {isa = PBXFileReference; lastKnownFileType = sourcecode.swift; path = BaseCheckView.swift; sourceTree = "<group>"; };
		9DC26C2326B8555700BF9038 /* CoffeeExtraTableViewCell.swift */ = {isa = PBXFileReference; lastKnownFileType = sourcecode.swift; path = CoffeeExtraTableViewCell.swift; sourceTree = "<group>"; };
		9DC26C2526B8880600BF9038 /* Launch Screen.storyboard */ = {isa = PBXFileReference; lastKnownFileType = file.storyboard; path = "Launch Screen.storyboard"; sourceTree = "<group>"; };
/* End PBXFileReference section */

/* Begin PBXFrameworksBuildPhase section */
		9DC26BA326B591F400BF9038 /* Frameworks */ = {
			isa = PBXFrameworksBuildPhase;
			buildActionMask = 2147483647;
			files = (
				9DC26BD426B5E8E600BF9038 /* RxSwift in Frameworks */,
				9DC26BDC26B5E8E600BF9038 /* RxBlocking in Frameworks */,
				9DC26BDA26B5E8E600BF9038 /* RxCocoa in Frameworks */,
				9DC26BFC26B7336600BF9038 /* SnapKit in Frameworks */,
				9DC26BD826B5E8E600BF9038 /* RxRelay in Frameworks */,
				9DC26BCE26B5DDB700BF9038 /* Alamofire in Frameworks */,
			);
			runOnlyForDeploymentPostprocessing = 0;
		};
/* End PBXFrameworksBuildPhase section */

/* Begin PBXGroup section */
		9DC26B9D26B591F400BF9038 = {
			isa = PBXGroup;
			children = (
				9DC26C2526B8880600BF9038 /* Launch Screen.storyboard */,
				9DC26BA826B591F400BF9038 /* CoffeeNFC */,
				9DC26BA726B591F400BF9038 /* Products */,
			);
			sourceTree = "<group>";
		};
		9DC26BA726B591F400BF9038 /* Products */ = {
			isa = PBXGroup;
			children = (
				9DC26BA626B591F400BF9038 /* CoffeeNFC.app */,
			);
			name = Products;
			sourceTree = "<group>";
		};
		9DC26BA826B591F400BF9038 /* CoffeeNFC */ = {
			isa = PBXGroup;
			children = (
				9DC26BCF26B5E69D00BF9038 /* Base */,
				9DC26BBE26B5962700BF9038 /* Services */,
				9DC26BBD26B5961C00BF9038 /* Managers */,
				9DC26BE326B6A29100BF9038 /* Modules */,
				9DC26BA926B591F400BF9038 /* AppDelegate.swift */,
				9DC26BC326B5981F00BF9038 /* AppInteractor.swift */,
				9DC26BC126B596C400BF9038 /* AppCordinator.swift */,
				9DC26BB226B591F800BF9038 /* Assets.xcassets */,
				9DC26BB726B591F800BF9038 /* Info.plist */,
			);
			path = CoffeeNFC;
			sourceTree = "<group>";
		};
		9DC26BBD26B5961C00BF9038 /* Managers */ = {
			isa = PBXGroup;
			children = (
				9DC26BEA26B6A34600BF9038 /* CoffeeTableManager.swift */,
				9DC26BEC26B6A36500BF9038 /* CoffeeTableViewCell.swift */,
				9DC26C2326B8555700BF9038 /* CoffeeExtraTableViewCell.swift */,
			);
			path = Managers;
			sourceTree = "<group>";
		};
		9DC26BBE26B5962700BF9038 /* Services */ = {
			isa = PBXGroup;
			children = (
				9DC26BEE26B6A38300BF9038 /* NFCServices */,
				9DC26BC526B59F3900BF9038 /* Netservices */,
				9DC26BBF26B5966E00BF9038 /* ServiceLocator.swift */,
			);
			path = Services;
			sourceTree = "<group>";
		};
		9DC26BC526B59F3900BF9038 /* Netservices */ = {
			isa = PBXGroup;
			children = (
				9DC26BDD26B5EC2F00BF9038 /* EntityModels */,
				9DC26BC626B59F5400BF9038 /* SesionManager.swift */,
				9DC26BC826B59F6700BF9038 /* CoffeeEndPoints.swift */,
				9DC26BCA26B59FA900BF9038 /* CoffeeNetworkService.swift */,
			);
			path = Netservices;
			sourceTree = "<group>";
		};
		9DC26BCF26B5E69D00BF9038 /* Base */ = {
			isa = PBXGroup;
			children = (
				9DC26BF226B6A7AB00BF9038 /* BaseUI */,
				9DC26BE026B5F23800BF9038 /* Extension */,
				9DC26BD026B5E6C700BF9038 /* CError.swift */,
			);
			path = Base;
			sourceTree = "<group>";
		};
		9DC26BDD26B5EC2F00BF9038 /* EntityModels */ = {
			isa = PBXGroup;
			children = (
				9DC26BDE26B5EC4100BF9038 /* CofeeMachine.swift */,
			);
			path = EntityModels;
			sourceTree = "<group>";
		};
		9DC26BE026B5F23800BF9038 /* Extension */ = {
			isa = PBXGroup;
			children = (
				9DC26BE126B5F25F00BF9038 /* Decode.swift */,
				9DC26BFD26B7494300BF9038 /* UIColor.swift */,
			);
			path = Extension;
			sourceTree = "<group>";
		};
		9DC26BE326B6A29100BF9038 /* Modules */ = {
			isa = PBXGroup;
			children = (
				9DC26BF726B6F5CA00BF9038 /* CoffeeMainScreen */,
				9DC26BFF26B7C29600BF9038 /* SizeScreen */,
				9DC26C1126B808ED00BF9038 /* ExtraScreen */,
			);
			path = Modules;
			sourceTree = "<group>";
		};
		9DC26BEE26B6A38300BF9038 /* NFCServices */ = {
			isa = PBXGroup;
			children = (
				9DC26BEF26B6A3A100BF9038 /* EntityModels */,
			);
			path = NFCServices;
			sourceTree = "<group>";
		};
		9DC26BEF26B6A3A100BF9038 /* EntityModels */ = {
			isa = PBXGroup;
			children = (
				9DC26BF026B6A3CC00BF9038 /* CoffeeNFSModel.swift */,
			);
			path = EntityModels;
			sourceTree = "<group>";
		};
		9DC26BF226B6A7AB00BF9038 /* BaseUI */ = {
			isa = PBXGroup;
			children = (
				9DC26BF326B6A7C600BF9038 /* BaseViewController.swift */,
				9DC26C2126B8503E00BF9038 /* BaseCheckView.swift */,
			);
			path = BaseUI;
			sourceTree = "<group>";
		};
		9DC26BF726B6F5CA00BF9038 /* CoffeeMainScreen */ = {
			isa = PBXGroup;
			children = (
				9DC26BE626B6A2D500BF9038 /* CoffeeViewModel.swift */,
				9DC26BE426B6A2C000BF9038 /* CoffeeMainScreenView.swift */,
				9DC26BE826B6A2F200BF9038 /* CoffeeMainScreenPresenter.swift */,
				9DC26BF526B6B51500BF9038 /* CoffeeMainScreenConfigurator.swift */,
			);
			path = CoffeeMainScreen;
			sourceTree = "<group>";
		};
		9DC26BFF26B7C29600BF9038 /* SizeScreen */ = {
			isa = PBXGroup;
			children = (
				9DC26C0026B7C29600BF9038 /* SizeModel.swift */,
				9DC26C0126B7C29600BF9038 /* SizeScreenConfigurator.swift */,
				9DC26C0226B7C29600BF9038 /* SizeScreenPresenter.swift */,
				9DC26C0326B7C29600BF9038 /* SizeScreenView.swift */,
			);
			path = SizeScreen;
			sourceTree = "<group>";
		};
		9DC26C1126B808ED00BF9038 /* ExtraScreen */ = {
			isa = PBXGroup;
			children = (
				9DC26C1226B808ED00BF9038 /* ExtraScreenConfigurator.swift */,
				9DC26C1326B808ED00BF9038 /* ExtraModel.swift */,
				9DC26C1426B808ED00BF9038 /* ExtraScreenView.swift */,
				9DC26C1526B808ED00BF9038 /* ExtraScreenPresenter.swift */,
			);
			path = ExtraScreen;
			sourceTree = "<group>";
		};
/* End PBXGroup section */

/* Begin PBXNativeTarget section */
		9DC26BA526B591F400BF9038 /* CoffeeNFC */ = {
			isa = PBXNativeTarget;
			buildConfigurationList = 9DC26BBA26B591F800BF9038 /* Build configuration list for PBXNativeTarget "CoffeeNFC" */;
			buildPhases = (
				9DC26BA226B591F400BF9038 /* Sources */,
				9DC26BA326B591F400BF9038 /* Frameworks */,
				9DC26BA426B591F400BF9038 /* Resources */,
			);
			buildRules = (
			);
			dependencies = (
			);
			name = CoffeeNFC;
			packageProductDependencies = (
				9DC26BCD26B5DDB700BF9038 /* Alamofire */,
				9DC26BD326B5E8E600BF9038 /* RxSwift */,
				9DC26BD726B5E8E600BF9038 /* RxRelay */,
				9DC26BD926B5E8E600BF9038 /* RxCocoa */,
				9DC26BDB26B5E8E600BF9038 /* RxBlocking */,
				9DC26BFB26B7336600BF9038 /* SnapKit */,
			);
			productName = CoffeeNFC;
			productReference = 9DC26BA626B591F400BF9038 /* CoffeeNFC.app */;
			productType = "com.apple.product-type.application";
		};
/* End PBXNativeTarget section */

/* Begin PBXProject section */
		9DC26B9E26B591F400BF9038 /* Project object */ = {
			isa = PBXProject;
			attributes = {
				LastSwiftUpdateCheck = 1250;
				LastUpgradeCheck = 1250;
				TargetAttributes = {
					9DC26BA526B591F400BF9038 = {
						CreatedOnToolsVersion = 12.5;
					};
				};
			};
			buildConfigurationList = 9DC26BA126B591F400BF9038 /* Build configuration list for PBXProject "CoffeeNFC" */;
			compatibilityVersion = "Xcode 9.3";
			developmentRegion = en;
			hasScannedForEncodings = 0;
			knownRegions = (
				en,
				Base,
			);
			mainGroup = 9DC26B9D26B591F400BF9038;
			packageReferences = (
				9DC26BCC26B5DDB700BF9038 /* XCRemoteSwiftPackageReference "Alamofire" */,
				9DC26BD226B5E8E600BF9038 /* XCRemoteSwiftPackageReference "RxSwift" */,
				9DC26BFA26B7336600BF9038 /* XCRemoteSwiftPackageReference "SnapKit" */,
			);
			productRefGroup = 9DC26BA726B591F400BF9038 /* Products */;
			projectDirPath = "";
			projectRoot = "";
			targets = (
				9DC26BA526B591F400BF9038 /* CoffeeNFC */,
			);
		};
/* End PBXProject section */

/* Begin PBXResourcesBuildPhase section */
		9DC26BA426B591F400BF9038 /* Resources */ = {
			isa = PBXResourcesBuildPhase;
			buildActionMask = 2147483647;
			files = (
				9DC26C2626B8880700BF9038 /* Launch Screen.storyboard in Resources */,
				9DC26BB326B591F800BF9038 /* Assets.xcassets in Resources */,
			);
			runOnlyForDeploymentPostprocessing = 0;
		};
/* End PBXResourcesBuildPhase section */

/* Begin PBXSourcesBuildPhase section */
		9DC26BA226B591F400BF9038 /* Sources */ = {
			isa = PBXSourcesBuildPhase;
			buildActionMask = 2147483647;
			files = (
				9DC26BC226B596C400BF9038 /* AppCordinator.swift in Sources */,
				9DC26C0526B7C29700BF9038 /* SizeScreenConfigurator.swift in Sources */,
				9DC26BC726B59F5400BF9038 /* SesionManager.swift in Sources */,
				9DC26C1826B808ED00BF9038 /* ExtraScreenView.swift in Sources */,
				9DC26BC926B59F6700BF9038 /* CoffeeEndPoints.swift in Sources */,
				9DC26BC026B5966E00BF9038 /* ServiceLocator.swift in Sources */,
				9DC26BE726B6A2D500BF9038 /* CoffeeViewModel.swift in Sources */,
				9DC26BED26B6A36500BF9038 /* CoffeeTableViewCell.swift in Sources */,
				9DC26BD126B5E6C700BF9038 /* CError.swift in Sources */,
				9DC26BF426B6A7C600BF9038 /* BaseViewController.swift in Sources */,
				9DC26C0626B7C29700BF9038 /* SizeScreenPresenter.swift in Sources */,
				9DC26BFE26B7494400BF9038 /* UIColor.swift in Sources */,
				9DC26BE226B5F25F00BF9038 /* Decode.swift in Sources */,
				9DC26C1926B808ED00BF9038 /* ExtraScreenPresenter.swift in Sources */,
				9DC26BF626B6B51500BF9038 /* CoffeeMainScreenConfigurator.swift in Sources */,
				9DC26C2426B8555700BF9038 /* CoffeeExtraTableViewCell.swift in Sources */,
				9DC26BC426B5981F00BF9038 /* AppInteractor.swift in Sources */,
				9DC26C1726B808ED00BF9038 /* ExtraModel.swift in Sources */,
				9DC26BEB26B6A34600BF9038 /* CoffeeTableManager.swift in Sources */,
				9DC26BDF26B5EC4100BF9038 /* CofeeMachine.swift in Sources */,
				9DC26C0726B7C29700BF9038 /* SizeScreenView.swift in Sources */,
				9DC26C0426B7C29700BF9038 /* SizeModel.swift in Sources */,
				9DC26BCB26B59FA900BF9038 /* CoffeeNetworkService.swift in Sources */,
				9DC26BAA26B591F400BF9038 /* AppDelegate.swift in Sources */,
				9DC26BE526B6A2C000BF9038 /* CoffeeMainScreenView.swift in Sources */,
				9DC26BE926B6A2F200BF9038 /* CoffeeMainScreenPresenter.swift in Sources */,
				9DC26C2226B8503E00BF9038 /* BaseCheckView.swift in Sources */,
				9DC26BF126B6A3CC00BF9038 /* CoffeeNFSModel.swift in Sources */,
				9DC26C1626B808ED00BF9038 /* ExtraScreenConfigurator.swift in Sources */,
			);
			runOnlyForDeploymentPostprocessing = 0;
		};
/* End PBXSourcesBuildPhase section */

/* Begin XCBuildConfiguration section */
		9DC26BB826B591F800BF9038 /* Debug */ = {
			isa = XCBuildConfiguration;
			buildSettings = {
				ALWAYS_SEARCH_USER_PATHS = NO;
				CLANG_ANALYZER_NONNULL = YES;
				CLANG_ANALYZER_NUMBER_OBJECT_CONVERSION = YES_AGGRESSIVE;
				CLANG_CXX_LANGUAGE_STANDARD = "gnu++14";
				CLANG_CXX_LIBRARY = "libc++";
				CLANG_ENABLE_MODULES = YES;
				CLANG_ENABLE_OBJC_ARC = YES;
				CLANG_ENABLE_OBJC_WEAK = YES;
				CLANG_WARN_BLOCK_CAPTURE_AUTORELEASING = YES;
				CLANG_WARN_BOOL_CONVERSION = YES;
				CLANG_WARN_COMMA = YES;
				CLANG_WARN_CONSTANT_CONVERSION = YES;
				CLANG_WARN_DEPRECATED_OBJC_IMPLEMENTATIONS = YES;
				CLANG_WARN_DIRECT_OBJC_ISA_USAGE = YES_ERROR;
				CLANG_WARN_DOCUMENTATION_COMMENTS = YES;
				CLANG_WARN_EMPTY_BODY = YES;
				CLANG_WARN_ENUM_CONVERSION = YES;
				CLANG_WARN_INFINITE_RECURSION = YES;
				CLANG_WARN_INT_CONVERSION = YES;
				CLANG_WARN_NON_LITERAL_NULL_CONVERSION = YES;
				CLANG_WARN_OBJC_IMPLICIT_RETAIN_SELF = YES;
				CLANG_WARN_OBJC_LITERAL_CONVERSION = YES;
				CLANG_WARN_OBJC_ROOT_CLASS = YES_ERROR;
				CLANG_WARN_QUOTED_INCLUDE_IN_FRAMEWORK_HEADER = YES;
				CLANG_WARN_RANGE_LOOP_ANALYSIS = YES;
				CLANG_WARN_STRICT_PROTOTYPES = YES;
				CLANG_WARN_SUSPICIOUS_MOVE = YES;
				CLANG_WARN_UNGUARDED_AVAILABILITY = YES_AGGRESSIVE;
				CLANG_WARN_UNREACHABLE_CODE = YES;
				CLANG_WARN__DUPLICATE_METHOD_MATCH = YES;
				COPY_PHASE_STRIP = NO;
				DEBUG_INFORMATION_FORMAT = dwarf;
				ENABLE_STRICT_OBJC_MSGSEND = YES;
				ENABLE_TESTABILITY = YES;
				GCC_C_LANGUAGE_STANDARD = gnu11;
				GCC_DYNAMIC_NO_PIC = NO;
				GCC_NO_COMMON_BLOCKS = YES;
				GCC_OPTIMIZATION_LEVEL = 0;
				GCC_PREPROCESSOR_DEFINITIONS = (
					"DEBUG=1",
					"$(inherited)",
				);
				GCC_WARN_64_TO_32_BIT_CONVERSION = YES;
				GCC_WARN_ABOUT_RETURN_TYPE = YES_ERROR;
				GCC_WARN_UNDECLARED_SELECTOR = YES;
				GCC_WARN_UNINITIALIZED_AUTOS = YES_AGGRESSIVE;
				GCC_WARN_UNUSED_FUNCTION = YES;
				GCC_WARN_UNUSED_VARIABLE = YES;
				IPHONEOS_DEPLOYMENT_TARGET = 14.5;
				MTL_ENABLE_DEBUG_INFO = INCLUDE_SOURCE;
				MTL_FAST_MATH = YES;
				ONLY_ACTIVE_ARCH = YES;
				SDKROOT = iphoneos;
				SWIFT_ACTIVE_COMPILATION_CONDITIONS = DEBUG;
				SWIFT_OPTIMIZATION_LEVEL = "-Onone";
			};
			name = Debug;
		};
		9DC26BB926B591F800BF9038 /* Release */ = {
			isa = XCBuildConfiguration;
			buildSettings = {
				ALWAYS_SEARCH_USER_PATHS = NO;
				CLANG_ANALYZER_NONNULL = YES;
				CLANG_ANALYZER_NUMBER_OBJECT_CONVERSION = YES_AGGRESSIVE;
				CLANG_CXX_LANGUAGE_STANDARD = "gnu++14";
				CLANG_CXX_LIBRARY = "libc++";
				CLANG_ENABLE_MODULES = YES;
				CLANG_ENABLE_OBJC_ARC = YES;
				CLANG_ENABLE_OBJC_WEAK = YES;
				CLANG_WARN_BLOCK_CAPTURE_AUTORELEASING = YES;
				CLANG_WARN_BOOL_CONVERSION = YES;
				CLANG_WARN_COMMA = YES;
				CLANG_WARN_CONSTANT_CONVERSION = YES;
				CLANG_WARN_DEPRECATED_OBJC_IMPLEMENTATIONS = YES;
				CLANG_WARN_DIRECT_OBJC_ISA_USAGE = YES_ERROR;
				CLANG_WARN_DOCUMENTATION_COMMENTS = YES;
				CLANG_WARN_EMPTY_BODY = YES;
				CLANG_WARN_ENUM_CONVERSION = YES;
				CLANG_WARN_INFINITE_RECURSION = YES;
				CLANG_WARN_INT_CONVERSION = YES;
				CLANG_WARN_NON_LITERAL_NULL_CONVERSION = YES;
				CLANG_WARN_OBJC_IMPLICIT_RETAIN_SELF = YES;
				CLANG_WARN_OBJC_LITERAL_CONVERSION = YES;
				CLANG_WARN_OBJC_ROOT_CLASS = YES_ERROR;
				CLANG_WARN_QUOTED_INCLUDE_IN_FRAMEWORK_HEADER = YES;
				CLANG_WARN_RANGE_LOOP_ANALYSIS = YES;
				CLANG_WARN_STRICT_PROTOTYPES = YES;
				CLANG_WARN_SUSPICIOUS_MOVE = YES;
				CLANG_WARN_UNGUARDED_AVAILABILITY = YES_AGGRESSIVE;
				CLANG_WARN_UNREACHABLE_CODE = YES;
				CLANG_WARN__DUPLICATE_METHOD_MATCH = YES;
				COPY_PHASE_STRIP = NO;
				DEBUG_INFORMATION_FORMAT = "dwarf-with-dsym";
				ENABLE_NS_ASSERTIONS = NO;
				ENABLE_STRICT_OBJC_MSGSEND = YES;
				GCC_C_LANGUAGE_STANDARD = gnu11;
				GCC_NO_COMMON_BLOCKS = YES;
				GCC_WARN_64_TO_32_BIT_CONVERSION = YES;
				GCC_WARN_ABOUT_RETURN_TYPE = YES_ERROR;
				GCC_WARN_UNDECLARED_SELECTOR = YES;
				GCC_WARN_UNINITIALIZED_AUTOS = YES_AGGRESSIVE;
				GCC_WARN_UNUSED_FUNCTION = YES;
				GCC_WARN_UNUSED_VARIABLE = YES;
				IPHONEOS_DEPLOYMENT_TARGET = 14.5;
				MTL_ENABLE_DEBUG_INFO = NO;
				MTL_FAST_MATH = YES;
				SDKROOT = iphoneos;
				SWIFT_COMPILATION_MODE = wholemodule;
				SWIFT_OPTIMIZATION_LEVEL = "-O";
				VALIDATE_PRODUCT = YES;
			};
			name = Release;
		};
		9DC26BBB26B591F800BF9038 /* Debug */ = {
			isa = XCBuildConfiguration;
			buildSettings = {
				ASSETCATALOG_COMPILER_APPICON_NAME = AppIcon;
				ASSETCATALOG_COMPILER_GLOBAL_ACCENT_COLOR_NAME = AccentColor;
				CODE_SIGN_STYLE = Automatic;
				DEVELOPMENT_TEAM = YA7JSM4L93;
				INFOPLIST_FILE = CoffeeNFC/Info.plist;
				LD_RUNPATH_SEARCH_PATHS = (
					"$(inherited)",
					"@executable_path/Frameworks",
				);
				PRODUCT_BUNDLE_IDENTIFIER = viper.CoffeeNFC;
				PRODUCT_NAME = "$(TARGET_NAME)";
				SWIFT_VERSION = 5.0;
				TARGETED_DEVICE_FAMILY = "1,2";
			};
			name = Debug;
		};
		9DC26BBC26B591F800BF9038 /* Release */ = {
			isa = XCBuildConfiguration;
			buildSettings = {
				ASSETCATALOG_COMPILER_APPICON_NAME = AppIcon;
				ASSETCATALOG_COMPILER_GLOBAL_ACCENT_COLOR_NAME = AccentColor;
				CODE_SIGN_STYLE = Automatic;
				DEVELOPMENT_TEAM = YA7JSM4L93;
				INFOPLIST_FILE = CoffeeNFC/Info.plist;
				LD_RUNPATH_SEARCH_PATHS = (
					"$(inherited)",
					"@executable_path/Frameworks",
				);
				PRODUCT_BUNDLE_IDENTIFIER = viper.CoffeeNFC;
				PRODUCT_NAME = "$(TARGET_NAME)";
				SWIFT_VERSION = 5.0;
				TARGETED_DEVICE_FAMILY = "1,2";
			};
			name = Release;
		};
/* End XCBuildConfiguration section */

/* Begin XCConfigurationList section */
		9DC26BA126B591F400BF9038 /* Build configuration list for PBXProject "CoffeeNFC" */ = {
			isa = XCConfigurationList;
			buildConfigurations = (
				9DC26BB826B591F800BF9038 /* Debug */,
				9DC26BB926B591F800BF9038 /* Release */,
			);
			defaultConfigurationIsVisible = 0;
			defaultConfigurationName = Release;
		};
		9DC26BBA26B591F800BF9038 /* Build configuration list for PBXNativeTarget "CoffeeNFC" */ = {
			isa = XCConfigurationList;
			buildConfigurations = (
				9DC26BBB26B591F800BF9038 /* Debug */,
				9DC26BBC26B591F800BF9038 /* Release */,
			);
			defaultConfigurationIsVisible = 0;
			defaultConfigurationName = Release;
		};
/* End XCConfigurationList section */

/* Begin XCRemoteSwiftPackageReference section */
		9DC26BCC26B5DDB700BF9038 /* XCRemoteSwiftPackageReference "Alamofire" */ = {
			isa = XCRemoteSwiftPackageReference;
			repositoryURL = "https://github.com/Alamofire/Alamofire.git";
			requirement = {
				kind = upToNextMajorVersion;
				minimumVersion = 5.4.3;
			};
		};
		9DC26BD226B5E8E600BF9038 /* XCRemoteSwiftPackageReference "RxSwift" */ = {
			isa = XCRemoteSwiftPackageReference;
			repositoryURL = "https://github.com/ReactiveX/RxSwift.git";
			requirement = {
				kind = upToNextMajorVersion;
				minimumVersion = 6.2.0;
			};
		};
		9DC26BFA26B7336600BF9038 /* XCRemoteSwiftPackageReference "SnapKit" */ = {
			isa = XCRemoteSwiftPackageReference;
			repositoryURL = "https://github.com/SnapKit/SnapKit.git";
			requirement = {
				kind = upToNextMajorVersion;
				minimumVersion = 5.0.1;
			};
		};
/* End XCRemoteSwiftPackageReference section */

/* Begin XCSwiftPackageProductDependency section */
		9DC26BCD26B5DDB700BF9038 /* Alamofire */ = {
			isa = XCSwiftPackageProductDependency;
			package = 9DC26BCC26B5DDB700BF9038 /* XCRemoteSwiftPackageReference "Alamofire" */;
			productName = Alamofire;
		};
		9DC26BD326B5E8E600BF9038 /* RxSwift */ = {
			isa = XCSwiftPackageProductDependency;
			package = 9DC26BD226B5E8E600BF9038 /* XCRemoteSwiftPackageReference "RxSwift" */;
			productName = RxSwift;
		};
		9DC26BD726B5E8E600BF9038 /* RxRelay */ = {
			isa = XCSwiftPackageProductDependency;
			package = 9DC26BD226B5E8E600BF9038 /* XCRemoteSwiftPackageReference "RxSwift" */;
			productName = RxRelay;
		};
		9DC26BD926B5E8E600BF9038 /* RxCocoa */ = {
			isa = XCSwiftPackageProductDependency;
			package = 9DC26BD226B5E8E600BF9038 /* XCRemoteSwiftPackageReference "RxSwift" */;
			productName = RxCocoa;
		};
		9DC26BDB26B5E8E600BF9038 /* RxBlocking */ = {
			isa = XCSwiftPackageProductDependency;
			package = 9DC26BD226B5E8E600BF9038 /* XCRemoteSwiftPackageReference "RxSwift" */;
			productName = RxBlocking;
		};
		9DC26BFB26B7336600BF9038 /* SnapKit */ = {
			isa = XCSwiftPackageProductDependency;
			package = 9DC26BFA26B7336600BF9038 /* XCRemoteSwiftPackageReference "SnapKit" */;
			productName = SnapKit;
		};
/* End XCSwiftPackageProductDependency section */
	};
	rootObject = 9DC26B9E26B591F400BF9038 /* Project object */;
}
